// !$*UTF8*$!
{
	archiveVersion = 1;
	classes = {
	};
	objectVersion = 56;
	objects = {

/* Begin PBXBuildFile section */
		DB65ACA02D0247E800000C37 /* NewYorkTimesAppApp.swift in Sources */ = {isa = PBXBuildFile; fileRef = DB65AC9F2D0247E800000C37 /* NewYorkTimesAppApp.swift */; };
		DB65ACA22D0247E800000C37 /* ContentView.swift in Sources */ = {isa = PBXBuildFile; fileRef = DB65ACA12D0247E800000C37 /* ContentView.swift */; };
		DB65ACA42D0247E800000C37 /* Item.swift in Sources */ = {isa = PBXBuildFile; fileRef = DB65ACA32D0247E800000C37 /* Item.swift */; };
		DB65ACA62D0247E900000C37 /* Assets.xcassets in Resources */ = {isa = PBXBuildFile; fileRef = DB65ACA52D0247E900000C37 /* Assets.xcassets */; };
		DB65ACA92D0247E900000C37 /* Preview Assets.xcassets in Resources */ = {isa = PBXBuildFile; fileRef = DB65ACA82D0247E900000C37 /* Preview Assets.xcassets */; };
		DB65ACB12D0256D700000C37 /* NewsListView.swift in Sources */ = {isa = PBXBuildFile; fileRef = DB65ACB02D0256D700000C37 /* NewsListView.swift */; };
		DB65ACB62D02573F00000C37 /* NewsResponseModel.swift in Sources */ = {isa = PBXBuildFile; fileRef = DB65ACB52D02573F00000C37 /* NewsResponseModel.swift */; };
		DB65ACB82D025D8900000C37 /* NewsCell.swift in Sources */ = {isa = PBXBuildFile; fileRef = DB65ACB72D025D8900000C37 /* NewsCell.swift */; };
		DB65ACBA2D025EAA00000C37 /* NewsListViewModel.swift in Sources */ = {isa = PBXBuildFile; fileRef = DB65ACB92D025EAA00000C37 /* NewsListViewModel.swift */; };
		DB65ACBD2D0276BF00000C37 /* Kingfisher in Frameworks */ = {isa = PBXBuildFile; productRef = DB65ACBC2D0276BF00000C37 /* Kingfisher */; };
/* End PBXBuildFile section */

/* Begin PBXFileReference section */
		DB65AC9C2D0247E800000C37 /* NewYorkTimesApp.app */ = {isa = PBXFileReference; explicitFileType = wrapper.application; includeInIndex = 0; path = NewYorkTimesApp.app; sourceTree = BUILT_PRODUCTS_DIR; };
		DB65AC9F2D0247E800000C37 /* NewYorkTimesAppApp.swift */ = {isa = PBXFileReference; lastKnownFileType = sourcecode.swift; path = NewYorkTimesAppApp.swift; sourceTree = "<group>"; };
		DB65ACA12D0247E800000C37 /* ContentView.swift */ = {isa = PBXFileReference; lastKnownFileType = sourcecode.swift; path = ContentView.swift; sourceTree = "<group>"; };
		DB65ACA32D0247E800000C37 /* Item.swift */ = {isa = PBXFileReference; lastKnownFileType = sourcecode.swift; path = Item.swift; sourceTree = "<group>"; };
		DB65ACA52D0247E900000C37 /* Assets.xcassets */ = {isa = PBXFileReference; lastKnownFileType = folder.assetcatalog; path = Assets.xcassets; sourceTree = "<group>"; };
		DB65ACA82D0247E900000C37 /* Preview Assets.xcassets */ = {isa = PBXFileReference; lastKnownFileType = folder.assetcatalog; path = "Preview Assets.xcassets"; sourceTree = "<group>"; };
		DB65ACB02D0256D700000C37 /* NewsListView.swift */ = {isa = PBXFileReference; lastKnownFileType = sourcecode.swift; path = NewsListView.swift; sourceTree = "<group>"; };
		DB65ACB52D02573F00000C37 /* NewsResponseModel.swift */ = {isa = PBXFileReference; lastKnownFileType = sourcecode.swift; path = NewsResponseModel.swift; sourceTree = "<group>"; };
		DB65ACB72D025D8900000C37 /* NewsCell.swift */ = {isa = PBXFileReference; lastKnownFileType = sourcecode.swift; path = NewsCell.swift; sourceTree = "<group>"; };
		DB65ACB92D025EAA00000C37 /* NewsListViewModel.swift */ = {isa = PBXFileReference; lastKnownFileType = sourcecode.swift; path = NewsListViewModel.swift; sourceTree = "<group>"; };
/* End PBXFileReference section */

/* Begin PBXFrameworksBuildPhase section */
		DB65AC992D0247E800000C37 /* Frameworks */ = {
			isa = PBXFrameworksBuildPhase;
			buildActionMask = 2147483647;
			files = (
				DB65ACBD2D0276BF00000C37 /* Kingfisher in Frameworks */,
			);
			runOnlyForDeploymentPostprocessing = 0;
		};
/* End PBXFrameworksBuildPhase section */

/* Begin PBXGroup section */
		DB65AC932D0247E800000C37 = {
			isa = PBXGroup;
			children = (
				DB65AC9E2D0247E800000C37 /* NewYorkTimesApp */,
				DB65AC9D2D0247E800000C37 /* Products */,
			);
			sourceTree = "<group>";
		};
		DB65AC9D2D0247E800000C37 /* Products */ = {
			isa = PBXGroup;
			children = (
				DB65AC9C2D0247E800000C37 /* NewYorkTimesApp.app */,
			);
			name = Products;
			sourceTree = "<group>";
		};
		DB65AC9E2D0247E800000C37 /* NewYorkTimesApp */ = {
			isa = PBXGroup;
			children = (
				DB65ACB42D0256F400000C37 /* ViewModel */,
				DB65ACB32D0256EE00000C37 /* Model */,
				DB65ACB22D0256E800000C37 /* View */,
				DB65AC9F2D0247E800000C37 /* NewYorkTimesAppApp.swift */,
				DB65ACA12D0247E800000C37 /* ContentView.swift */,
				DB65ACA32D0247E800000C37 /* Item.swift */,
				DB65ACA52D0247E900000C37 /* Assets.xcassets */,
				DB65ACA72D0247E900000C37 /* Preview Content */,
			);
			path = NewYorkTimesApp;
			sourceTree = "<group>";
		};
		DB65ACA72D0247E900000C37 /* Preview Content */ = {
			isa = PBXGroup;
			children = (
				DB65ACA82D0247E900000C37 /* Preview Assets.xcassets */,
			);
			path = "Preview Content";
			sourceTree = "<group>";
		};
		DB65ACAF2D02568600000C37 /* NewsList */ = {
			isa = PBXGroup;
			children = (
				DB65ACB02D0256D700000C37 /* NewsListView.swift */,
				DB65ACB72D025D8900000C37 /* NewsCell.swift */,
			);
			path = NewsList;
			sourceTree = "<group>";
		};
		DB65ACB22D0256E800000C37 /* View */ = {
			isa = PBXGroup;
			children = (
				DB65ACAF2D02568600000C37 /* NewsList */,
			);
			path = View;
			sourceTree = "<group>";
		};
		DB65ACB32D0256EE00000C37 /* Model */ = {
			isa = PBXGroup;
			children = (
				DB65ACB52D02573F00000C37 /* NewsResponseModel.swift */,
			);
			path = Model;
			sourceTree = "<group>";
		};
		DB65ACB42D0256F400000C37 /* ViewModel */ = {
			isa = PBXGroup;
			children = (
				DB65ACB92D025EAA00000C37 /* NewsListViewModel.swift */,
			);
			path = ViewModel;
			sourceTree = "<group>";
		};
/* End PBXGroup section */

/* Begin PBXNativeTarget section */
		DB65AC9B2D0247E800000C37 /* NewYorkTimesApp */ = {
			isa = PBXNativeTarget;
			buildConfigurationList = DB65ACAC2D0247E900000C37 /* Build configuration list for PBXNativeTarget "NewYorkTimesApp" */;
			buildPhases = (
				DB65AC982D0247E800000C37 /* Sources */,
				DB65AC992D0247E800000C37 /* Frameworks */,
				DB65AC9A2D0247E800000C37 /* Resources */,
			);
			buildRules = (
			);
			dependencies = (
			);
			name = NewYorkTimesApp;
			packageProductDependencies = (
				DB65ACBC2D0276BF00000C37 /* Kingfisher */,
			);
			productName = NewYorkTimesApp;
			productReference = DB65AC9C2D0247E800000C37 /* NewYorkTimesApp.app */;
			productType = "com.apple.product-type.application";
		};
/* End PBXNativeTarget section */

/* Begin PBXProject section */
		DB65AC942D0247E800000C37 /* Project object */ = {
			isa = PBXProject;
			attributes = {
				BuildIndependentTargetsInParallel = 1;
				LastSwiftUpdateCheck = 1530;
				LastUpgradeCheck = 1530;
				TargetAttributes = {
					DB65AC9B2D0247E800000C37 = {
						CreatedOnToolsVersion = 15.3;
					};
				};
			};
			buildConfigurationList = DB65AC972D0247E800000C37 /* Build configuration list for PBXProject "NewYorkTimesApp" */;
			compatibilityVersion = "Xcode 14.0";
			developmentRegion = en;
			hasScannedForEncodings = 0;
			knownRegions = (
				en,
				Base,
			);
			mainGroup = DB65AC932D0247E800000C37;
			packageReferences = (
				DB65ACBB2D0276BF00000C37 /* XCRemoteSwiftPackageReference "Kingfisher" */,
			);
			productRefGroup = DB65AC9D2D0247E800000C37 /* Products */;
			projectDirPath = "";
			projectRoot = "";
			targets = (
				DB65AC9B2D0247E800000C37 /* NewYorkTimesApp */,
			);
		};
/* End PBXProject section */

/* Begin PBXResourcesBuildPhase section */
		DB65AC9A2D0247E800000C37 /* Resources */ = {
			isa = PBXResourcesBuildPhase;
			buildActionMask = 2147483647;
			files = (
				DB65ACA92D0247E900000C37 /* Preview Assets.xcassets in Resources */,
				DB65ACA62D0247E900000C37 /* Assets.xcassets in Resources */,
			);
			runOnlyForDeploymentPostprocessing = 0;
		};
/* End PBXResourcesBuildPhase section */

/* Begin PBXSourcesBuildPhase section */
		DB65AC982D0247E800000C37 /* Sources */ = {
			isa = PBXSourcesBuildPhase;
			buildActionMask = 2147483647;
			files = (
				DB65ACA22D0247E800000C37 /* ContentView.swift in Sources */,
				DB65ACBA2D025EAA00000C37 /* NewsListViewModel.swift in Sources */,
				DB65ACB12D0256D700000C37 /* NewsListView.swift in Sources */,
				DB65ACA42D0247E800000C37 /* Item.swift in Sources */,
				DB65ACA02D0247E800000C37 /* NewYorkTimesAppApp.swift in Sources */,
				DB65ACB82D025D8900000C37 /* NewsCell.swift in Sources */,
				DB65ACB62D02573F00000C37 /* NewsResponseModel.swift in Sources */,
			);
			runOnlyForDeploymentPostprocessing = 0;
		};
/* End PBXSourcesBuildPhase section */

/* Begin XCBuildConfiguration section */
		DB65ACAA2D0247E900000C37 /* Debug */ = {
			isa = XCBuildConfiguration;
			buildSettings = {
				ALWAYS_SEARCH_USER_PATHS = NO;
				ASSETCATALOG_COMPILER_GENERATE_SWIFT_ASSET_SYMBOL_EXTENSIONS = YES;
				CLANG_ANALYZER_NONNULL = YES;
				CLANG_ANALYZER_NUMBER_OBJECT_CONVERSION = YES_AGGRESSIVE;
				CLANG_CXX_LANGUAGE_STANDARD = "gnu++20";
				CLANG_ENABLE_MODULES = YES;
				CLANG_ENABLE_OBJC_ARC = YES;
				CLANG_ENABLE_OBJC_WEAK = YES;
				CLANG_WARN_BLOCK_CAPTURE_AUTORELEASING = YES;
				CLANG_WARN_BOOL_CONVERSION = YES;
				CLANG_WARN_COMMA = YES;
				CLANG_WARN_CONSTANT_CONVERSION = YES;
				CLANG_WARN_DEPRECATED_OBJC_IMPLEMENTATIONS = YES;
				CLANG_WARN_DIRECT_OBJC_ISA_USAGE = YES_ERROR;
				CLANG_WARN_DOCUMENTATION_COMMENTS = YES;
				CLANG_WARN_EMPTY_BODY = YES;
				CLANG_WARN_ENUM_CONVERSION = YES;
				CLANG_WARN_INFINITE_RECURSION = YES;
				CLANG_WARN_INT_CONVERSION = YES;
				CLANG_WARN_NON_LITERAL_NULL_CONVERSION = YES;
				CLANG_WARN_OBJC_IMPLICIT_RETAIN_SELF = YES;
				CLANG_WARN_OBJC_LITERAL_CONVERSION = YES;
				CLANG_WARN_OBJC_ROOT_CLASS = YES_ERROR;
				CLANG_WARN_QUOTED_INCLUDE_IN_FRAMEWORK_HEADER = YES;
				CLANG_WARN_RANGE_LOOP_ANALYSIS = YES;
				CLANG_WARN_STRICT_PROTOTYPES = YES;
				CLANG_WARN_SUSPICIOUS_MOVE = YES;
				CLANG_WARN_UNGUARDED_AVAILABILITY = YES_AGGRESSIVE;
				CLANG_WARN_UNREACHABLE_CODE = YES;
				CLANG_WARN__DUPLICATE_METHOD_MATCH = YES;
				COPY_PHASE_STRIP = NO;
				DEBUG_INFORMATION_FORMAT = dwarf;
				ENABLE_STRICT_OBJC_MSGSEND = YES;
				ENABLE_TESTABILITY = YES;
				ENABLE_USER_SCRIPT_SANDBOXING = YES;
				GCC_C_LANGUAGE_STANDARD = gnu17;
				GCC_DYNAMIC_NO_PIC = NO;
				GCC_NO_COMMON_BLOCKS = YES;
				GCC_OPTIMIZATION_LEVEL = 0;
				GCC_PREPROCESSOR_DEFINITIONS = (
					"DEBUG=1",
					"$(inherited)",
				);
				GCC_WARN_64_TO_32_BIT_CONVERSION = YES;
				GCC_WARN_ABOUT_RETURN_TYPE = YES_ERROR;
				GCC_WARN_UNDECLARED_SELECTOR = YES;
				GCC_WARN_UNINITIALIZED_AUTOS = YES_AGGRESSIVE;
				GCC_WARN_UNUSED_FUNCTION = YES;
				GCC_WARN_UNUSED_VARIABLE = YES;
				IPHONEOS_DEPLOYMENT_TARGET = 17.4;
				LOCALIZATION_PREFERS_STRING_CATALOGS = YES;
				MTL_ENABLE_DEBUG_INFO = INCLUDE_SOURCE;
				MTL_FAST_MATH = YES;
				ONLY_ACTIVE_ARCH = YES;
				SDKROOT = iphoneos;
				SWIFT_ACTIVE_COMPILATION_CONDITIONS = "DEBUG $(inherited)";
				SWIFT_OPTIMIZATION_LEVEL = "-Onone";
			};
			name = Debug;
		};
		DB65ACAB2D0247E900000C37 /* Release */ = {
			isa = XCBuildConfiguration;
			buildSettings = {
				ALWAYS_SEARCH_USER_PATHS = NO;
				ASSETCATALOG_COMPILER_GENERATE_SWIFT_ASSET_SYMBOL_EXTENSIONS = YES;
				CLANG_ANALYZER_NONNULL = YES;
				CLANG_ANALYZER_NUMBER_OBJECT_CONVERSION = YES_AGGRESSIVE;
				CLANG_CXX_LANGUAGE_STANDARD = "gnu++20";
				CLANG_ENABLE_MODULES = YES;
				CLANG_ENABLE_OBJC_ARC = YES;
				CLANG_ENABLE_OBJC_WEAK = YES;
				CLANG_WARN_BLOCK_CAPTURE_AUTORELEASING = YES;
				CLANG_WARN_BOOL_CONVERSION = YES;
				CLANG_WARN_COMMA = YES;
				CLANG_WARN_CONSTANT_CONVERSION = YES;
				CLANG_WARN_DEPRECATED_OBJC_IMPLEMENTATIONS = YES;
				CLANG_WARN_DIRECT_OBJC_ISA_USAGE = YES_ERROR;
				CLANG_WARN_DOCUMENTATION_COMMENTS = YES;
				CLANG_WARN_EMPTY_BODY = YES;
				CLANG_WARN_ENUM_CONVERSION = YES;
				CLANG_WARN_INFINITE_RECURSION = YES;
				CLANG_WARN_INT_CONVERSION = YES;
				CLANG_WARN_NON_LITERAL_NULL_CONVERSION = YES;
				CLANG_WARN_OBJC_IMPLICIT_RETAIN_SELF = YES;
				CLANG_WARN_OBJC_LITERAL_CONVERSION = YES;
				CLANG_WARN_OBJC_ROOT_CLASS = YES_ERROR;
				CLANG_WARN_QUOTED_INCLUDE_IN_FRAMEWORK_HEADER = YES;
				CLANG_WARN_RANGE_LOOP_ANALYSIS = YES;
				CLANG_WARN_STRICT_PROTOTYPES = YES;
				CLANG_WARN_SUSPICIOUS_MOVE = YES;
				CLANG_WARN_UNGUARDED_AVAILABILITY = YES_AGGRESSIVE;
				CLANG_WARN_UNREACHABLE_CODE = YES;
				CLANG_WARN__DUPLICATE_METHOD_MATCH = YES;
				COPY_PHASE_STRIP = NO;
				DEBUG_INFORMATION_FORMAT = "dwarf-with-dsym";
				ENABLE_NS_ASSERTIONS = NO;
				ENABLE_STRICT_OBJC_MSGSEND = YES;
				ENABLE_USER_SCRIPT_SANDBOXING = YES;
				GCC_C_LANGUAGE_STANDARD = gnu17;
				GCC_NO_COMMON_BLOCKS = YES;
				GCC_WARN_64_TO_32_BIT_CONVERSION = YES;
				GCC_WARN_ABOUT_RETURN_TYPE = YES_ERROR;
				GCC_WARN_UNDECLARED_SELECTOR = YES;
				GCC_WARN_UNINITIALIZED_AUTOS = YES_AGGRESSIVE;
				GCC_WARN_UNUSED_FUNCTION = YES;
				GCC_WARN_UNUSED_VARIABLE = YES;
				IPHONEOS_DEPLOYMENT_TARGET = 17.4;
				LOCALIZATION_PREFERS_STRING_CATALOGS = YES;
				MTL_ENABLE_DEBUG_INFO = NO;
				MTL_FAST_MATH = YES;
				SDKROOT = iphoneos;
				SWIFT_COMPILATION_MODE = wholemodule;
				VALIDATE_PRODUCT = YES;
			};
			name = Release;
		};
		DB65ACAD2D0247E900000C37 /* Debug */ = {
			isa = XCBuildConfiguration;
			buildSettings = {
				ASSETCATALOG_COMPILER_APPICON_NAME = AppIcon;
				ASSETCATALOG_COMPILER_GLOBAL_ACCENT_COLOR_NAME = AccentColor;
				CODE_SIGN_STYLE = Automatic;
				CURRENT_PROJECT_VERSION = 1;
				DEVELOPMENT_ASSET_PATHS = "\"NewYorkTimesApp/Preview Content\"";
				DEVELOPMENT_TEAM = XL8LNQ68C9;
				ENABLE_PREVIEWS = YES;
				GENERATE_INFOPLIST_FILE = YES;
				INFOPLIST_KEY_UIApplicationSceneManifest_Generation = YES;
				INFOPLIST_KEY_UIApplicationSupportsIndirectInputEvents = YES;
				INFOPLIST_KEY_UILaunchScreen_Generation = YES;
				INFOPLIST_KEY_UISupportedInterfaceOrientations_iPad = "UIInterfaceOrientationPortrait UIInterfaceOrientationPortraitUpsideDown UIInterfaceOrientationLandscapeLeft UIInterfaceOrientationLandscapeRight";
				INFOPLIST_KEY_UISupportedInterfaceOrientations_iPhone = "UIInterfaceOrientationPortrait UIInterfaceOrientationLandscapeLeft UIInterfaceOrientationLandscapeRight";
				LD_RUNPATH_SEARCH_PATHS = (
					"$(inherited)",
					"@executable_path/Frameworks",
				);
				MARKETING_VERSION = 1.0;
				PRODUCT_BUNDLE_IDENTIFIER = com.diego.NewYorkTimesApp;
				PRODUCT_NAME = "$(TARGET_NAME)";
				SWIFT_EMIT_LOC_STRINGS = YES;
				SWIFT_VERSION = 5.0;
				TARGETED_DEVICE_FAMILY = "1,2";
			};
			name = Debug;
		};
		DB65ACAE2D0247E900000C37 /* Release */ = {
			isa = XCBuildConfiguration;
			buildSettings = {
				ASSETCATALOG_COMPILER_APPICON_NAME = AppIcon;
				ASSETCATALOG_COMPILER_GLOBAL_ACCENT_COLOR_NAME = AccentColor;
				CODE_SIGN_STYLE = Automatic;
				CURRENT_PROJECT_VERSION = 1;
				DEVELOPMENT_ASSET_PATHS = "\"NewYorkTimesApp/Preview Content\"";
				DEVELOPMENT_TEAM = XL8LNQ68C9;
				ENABLE_PREVIEWS = YES;
				GENERATE_INFOPLIST_FILE = YES;
				INFOPLIST_KEY_UIApplicationSceneManifest_Generation = YES;
				INFOPLIST_KEY_UIApplicationSupportsIndirectInputEvents = YES;
				INFOPLIST_KEY_UILaunchScreen_Generation = YES;
				INFOPLIST_KEY_UISupportedInterfaceOrientations_iPad = "UIInterfaceOrientationPortrait UIInterfaceOrientationPortraitUpsideDown UIInterfaceOrientationLandscapeLeft UIInterfaceOrientationLandscapeRight";
				INFOPLIST_KEY_UISupportedInterfaceOrientations_iPhone = "UIInterfaceOrientationPortrait UIInterfaceOrientationLandscapeLeft UIInterfaceOrientationLandscapeRight";
				LD_RUNPATH_SEARCH_PATHS = (
					"$(inherited)",
					"@executable_path/Frameworks",
				);
				MARKETING_VERSION = 1.0;
				PRODUCT_BUNDLE_IDENTIFIER = com.diego.NewYorkTimesApp;
				PRODUCT_NAME = "$(TARGET_NAME)";
				SWIFT_EMIT_LOC_STRINGS = YES;
				SWIFT_VERSION = 5.0;
				TARGETED_DEVICE_FAMILY = "1,2";
			};
			name = Release;
		};
/* End XCBuildConfiguration section */

/* Begin XCConfigurationList section */
		DB65AC972D0247E800000C37 /* Build configuration list for PBXProject "NewYorkTimesApp" */ = {
			isa = XCConfigurationList;
			buildConfigurations = (
				DB65ACAA2D0247E900000C37 /* Debug */,
				DB65ACAB2D0247E900000C37 /* Release */,
			);
			defaultConfigurationIsVisible = 0;
			defaultConfigurationName = Release;
		};
		DB65ACAC2D0247E900000C37 /* Build configuration list for PBXNativeTarget "NewYorkTimesApp" */ = {
			isa = XCConfigurationList;
			buildConfigurations = (
				DB65ACAD2D0247E900000C37 /* Debug */,
				DB65ACAE2D0247E900000C37 /* Release */,
			);
			defaultConfigurationIsVisible = 0;
			defaultConfigurationName = Release;
		};
/* End XCConfigurationList section */

/* Begin XCRemoteSwiftPackageReference section */
		DB65ACBB2D0276BF00000C37 /* XCRemoteSwiftPackageReference "Kingfisher" */ = {
			isa = XCRemoteSwiftPackageReference;
			repositoryURL = "https://github.com/onevcat/Kingfisher";
			requirement = {
				kind = upToNextMajorVersion;
				minimumVersion = 8.1.1;
			};
		};
/* End XCRemoteSwiftPackageReference section */

/* Begin XCSwiftPackageProductDependency section */
		DB65ACBC2D0276BF00000C37 /* Kingfisher */ = {
			isa = XCSwiftPackageProductDependency;
			package = DB65ACBB2D0276BF00000C37 /* XCRemoteSwiftPackageReference "Kingfisher" */;
			productName = Kingfisher;
		};
/* End XCSwiftPackageProductDependency section */
	};
	rootObject = DB65AC942D0247E800000C37 /* Project object */;
}
